
Microsoft Visual Studio Solution File, Format Version 12.00
# Visual Studio Version 16
VisualStudioVersion = 16.0.31829.152
MinimumVisualStudioVersion = 10.0.40219.1
Project("{FAE04EC0-301F-11D3-BF4B-00C04F79EFBC}") = "MyFinances", "MyFinances.csproj", "{73D92098-6C2B-4ED2-AF1B-7E68DF241D74}"
EndProject
Global
	GlobalSection(SolutionConfigurationPlatforms) = preSolution
		Debug|Any CPU = Debug|Any CPU
		Release|Any CPU = Release|Any CPU
	EndGlobalSection
	GlobalSection(ProjectConfigurationPlatforms) = postSolution
		{73D92098-6C2B-4ED2-AF1B-7E68DF241D74}.Debug|Any CPU.ActiveCfg = Debug|Any CPU
		{73D92098-6C2B-4ED2-AF1B-7E68DF241D74}.Debug|Any CPU.Build.0 = Debug|Any CPU
		{73D92098-6C2B-4ED2-AF1B-7E68DF241D74}.Release|Any CPU.ActiveCfg = Release|Any CPU
		{73D92098-6C2B-4ED2-AF1B-7E68DF241D74}.Release|Any CPU.Build.0 = Release|Any CPU
	EndGlobalSection
	GlobalSection(SolutionProperties) = preSolution
		HideSolutionNode = FALSE
	EndGlobalSection
	GlobalSection(ExtensibilityGlobals) = postSolution
		SolutionGuid = {43C24BBE-6E71-41F0-92E3-172CCEDC3227}
	EndGlobalSection
EndGlobal
